
Microsoft Visual Studio Solution File, Format Version 12.00
# Visual Studio Version 17
VisualStudioVersion = 17.9.34728.123
MinimumVisualStudioVersion = 10.0.40219.1
Project("{FAE04EC0-301F-11D3-BF4B-00C04F79EFBC}") = "Desktop-App", "Desktop-App\Desktop-App.csproj", "{DC1AAC59-9698-43AA-B56D-294D23587227}"
EndProject
Global
	GlobalSection(SolutionConfigurationPlatforms) = preSolution
		Debug|Any CPU = Debug|Any CPU
		Release|Any CPU = Release|Any CPU
	EndGlobalSection
	GlobalSection(ProjectConfigurationPlatforms) = postSolution
		{DC1AAC59-9698-43AA-B56D-294D23587227}.Debug|Any CPU.ActiveCfg = Debug|Any CPU
		{DC1AAC59-9698-43AA-B56D-294D23587227}.Debug|Any CPU.Build.0 = Debug|Any CPU
		{DC1AAC59-9698-43AA-B56D-294D23587227}.Release|Any CPU.ActiveCfg = Release|Any CPU
		{DC1AAC59-9698-43AA-B56D-294D23587227}.Release|Any CPU.Build.0 = Release|Any CPU
	EndGlobalSection
	GlobalSection(SolutionProperties) = preSolution
		HideSolutionNode = FALSE
	EndGlobalSection
	GlobalSection(ExtensibilityGlobals) = postSolution
		SolutionGuid = {6850A22D-ED3B-4A14-BE20-03EB86AAC08B}
	EndGlobalSection
EndGlobal
